
Microsoft Visual Studio Solution File, Format Version 12.00
# Visual Studio Version 17
VisualStudioVersion = 17.1.32414.318
MinimumVisualStudioVersion = 10.0.40219.1
Project("{8BC9CEB8-8B4A-11D0-8D11-00A0C91BC942}") = "Project2", "Project2\Project2.vcxproj", "{127453BD-C657-4A0C-80D9-7942F8D809B2}"
EndProject
Project("{8BC9CEB8-8B4A-11D0-8D11-00A0C91BC942}") = "Project1", "Project1\Project1.vcxproj", "{B032A9CB-0E26-4BE8-A05F-7B2920995D76}"
EndProject
Global
	GlobalSection(SolutionConfigurationPlatforms) = preSolution
		Debug|x64 = Debug|x64
		Debug|x86 = Debug|x86
		Release|x64 = Release|x64
		Release|x86 = Release|x86
	EndGlobalSection
	GlobalSection(ProjectConfigurationPlatforms) = postSolution
		{127453BD-C657-4A0C-80D9-7942F8D809B2}.Debug|x64.ActiveCfg = Debug|x64
		{127453BD-C657-4A0C-80D9-7942F8D809B2}.Debug|x64.Build.0 = Debug|x64
		{127453BD-C657-4A0C-80D9-7942F8D809B2}.Debug|x86.ActiveCfg = Debug|Win32
		{127453BD-C657-4A0C-80D9-7942F8D809B2}.Debug|x86.Build.0 = Debug|Win32
		{127453BD-C657-4A0C-80D9-7942F8D809B2}.Release|x64.ActiveCfg = Release|x64
		{127453BD-C657-4A0C-80D9-7942F8D809B2}.Release|x64.Build.0 = Release|x64
		{127453BD-C657-4A0C-80D9-7942F8D809B2}.Release|x86.ActiveCfg = Release|Win32
		{127453BD-C657-4A0C-80D9-7942F8D809B2}.Release|x86.Build.0 = Release|Win32
		{B032A9CB-0E26-4BE8-A05F-7B2920995D76}.Debug|x64.ActiveCfg = Debug|x64
		{B032A9CB-0E26-4BE8-A05F-7B2920995D76}.Debug|x64.Build.0 = Debug|x64
		{B032A9CB-0E26-4BE8-A05F-7B2920995D76}.Debug|x86.ActiveCfg = Debug|Win32
		{B032A9CB-0E26-4BE8-A05F-7B2920995D76}.Debug|x86.Build.0 = Debug|Win32
		{B032A9CB-0E26-4BE8-A05F-7B2920995D76}.Release|x64.ActiveCfg = Release|x64
		{B032A9CB-0E26-4BE8-A05F-7B2920995D76}.Release|x64.Build.0 = Release|x64
		{B032A9CB-0E26-4BE8-A05F-7B2920995D76}.Release|x86.ActiveCfg = Release|Win32
		{B032A9CB-0E26-4BE8-A05F-7B2920995D76}.Release|x86.Build.0 = Release|Win32
	EndGlobalSection
	GlobalSection(SolutionProperties) = preSolution
		HideSolutionNode = FALSE
	EndGlobalSection
	GlobalSection(ExtensibilityGlobals) = postSolution
		SolutionGuid = {EAF02B4D-E0FF-4B78-8103-B796A88474E3}
	EndGlobalSection
EndGlobal
